
Microsoft Visual Studio Solution File, Format Version 12.00
# Visual Studio Version 16
VisualStudioVersion = 16.0.33423.256
MinimumVisualStudioVersion = 10.0.40219.1
Project("{FAE04EC0-301F-11D3-BF4B-00C04F79EFBC}") = "SilverPaymentFromPawn", "SilverPaymentFromPawn.csproj", "{83A2C4AB-B054-45DA-BFF9-2BFE843F1052}"
EndProject
Global
	GlobalSection(SolutionConfigurationPlatforms) = preSolution
		Debug|Any CPU = Debug|Any CPU
		Release|Any CPU = Release|Any CPU
	EndGlobalSection
	GlobalSection(ProjectConfigurationPlatforms) = postSolution
		{83A2C4AB-B054-45DA-BFF9-2BFE843F1052}.Debug|Any CPU.ActiveCfg = Debug|Any CPU
		{83A2C4AB-B054-45DA-BFF9-2BFE843F1052}.Debug|Any CPU.Build.0 = Debug|Any CPU
		{83A2C4AB-B054-45DA-BFF9-2BFE843F1052}.Release|Any CPU.ActiveCfg = Release|Any CPU
		{83A2C4AB-B054-45DA-BFF9-2BFE843F1052}.Release|Any CPU.Build.0 = Release|Any CPU
	EndGlobalSection
	GlobalSection(SolutionProperties) = preSolution
		HideSolutionNode = FALSE
	EndGlobalSection
	GlobalSection(ExtensibilityGlobals) = postSolution
		SolutionGuid = {FF46C323-1D7E-461A-9887-71D7B7D6D6FC}
	EndGlobalSection
EndGlobal
